
Microsoft Visual Studio Solution File, Format Version 12.00
# Visual Studio 15
VisualStudioVersion = 15.0.28307.1209
MinimumVisualStudioVersion = 10.0.40219.1
Project("{FAE04EC0-301F-11D3-BF4B-00C04F79EFBC}") = "Secao11TratamentoExcecoes", "Secao11TratamentoExcecoes\Secao11TratamentoExcecoes.csproj", "{A84D4EF0-5EF0-4FBF-878B-7CD370E2E586}"
EndProject
Global
	GlobalSection(SolutionConfigurationPlatforms) = preSolution
		Debug|Any CPU = Debug|Any CPU
		Release|Any CPU = Release|Any CPU
	EndGlobalSection
	GlobalSection(ProjectConfigurationPlatforms) = postSolution
		{A84D4EF0-5EF0-4FBF-878B-7CD370E2E586}.Debug|Any CPU.ActiveCfg = Debug|Any CPU
		{A84D4EF0-5EF0-4FBF-878B-7CD370E2E586}.Debug|Any CPU.Build.0 = Debug|Any CPU
		{A84D4EF0-5EF0-4FBF-878B-7CD370E2E586}.Release|Any CPU.ActiveCfg = Release|Any CPU
		{A84D4EF0-5EF0-4FBF-878B-7CD370E2E586}.Release|Any CPU.Build.0 = Release|Any CPU
	EndGlobalSection
	GlobalSection(SolutionProperties) = preSolution
		HideSolutionNode = FALSE
	EndGlobalSection
	GlobalSection(ExtensibilityGlobals) = postSolution
		SolutionGuid = {0C6D09A6-6B8A-4786-8952-D858172C72C8}
	EndGlobalSection
EndGlobal
