
Microsoft Visual Studio Solution File, Format Version 12.00
# Visual Studio 15
VisualStudioVersion = 15.0.28307.1209
MinimumVisualStudioVersion = 10.0.40219.1
Project("{FAE04EC0-301F-11D3-BF4B-00C04F79EFBC}") = "Secao15GenericSetDictionary", "Secao15GenericSetDictionary\Secao15GenericSetDictionary.csproj", "{2709A850-90F4-460A-A672-511E4C91FAC0}"
EndProject
Global
	GlobalSection(SolutionConfigurationPlatforms) = preSolution
		Debug|Any CPU = Debug|Any CPU
		Release|Any CPU = Release|Any CPU
	EndGlobalSection
	GlobalSection(ProjectConfigurationPlatforms) = postSolution
		{2709A850-90F4-460A-A672-511E4C91FAC0}.Debug|Any CPU.ActiveCfg = Debug|Any CPU
		{2709A850-90F4-460A-A672-511E4C91FAC0}.Debug|Any CPU.Build.0 = Debug|Any CPU
		{2709A850-90F4-460A-A672-511E4C91FAC0}.Release|Any CPU.ActiveCfg = Release|Any CPU
		{2709A850-90F4-460A-A672-511E4C91FAC0}.Release|Any CPU.Build.0 = Release|Any CPU
	EndGlobalSection
	GlobalSection(SolutionProperties) = preSolution
		HideSolutionNode = FALSE
	EndGlobalSection
	GlobalSection(ExtensibilityGlobals) = postSolution
		SolutionGuid = {E44134DC-C444-433B-8FC7-C492709F4C4F}
	EndGlobalSection
EndGlobal
