
Microsoft Visual Studio Solution File, Format Version 12.00
# Visual Studio 15
VisualStudioVersion = 15.0.28307.1169
MinimumVisualStudioVersion = 10.0.40219.1
Project("{9A19103F-16F7-4668-BE54-9A1E7A4F7556}") = "Course", "Course\Course.csproj", "{9A5839AE-E781-4D72-A9CE-5E7E04017126}"
EndProject
Project("{9A19103F-16F7-4668-BE54-9A1E7A4F7556}") = "SaidaDeDados", "SaidaDeDados\SaidaDeDados.csproj", "{125D9B14-7C13-433B-84BB-4E7A293A20BF}"
EndProject
Project("{9A19103F-16F7-4668-BE54-9A1E7A4F7556}") = "ExercSaidaDeDados", "ExercSaidaDeDados\ExercSaidaDeDados.csproj", "{6157EEB3-4046-44D5-9B67-D33B7CC94A6A}"
EndProject
Project("{9A19103F-16F7-4668-BE54-9A1E7A4F7556}") = "OperadoresAtribuicao", "OperadoresAtribuicao\OperadoresAtribuicao.csproj", "{C25A6FD2-7FBB-4100-8998-89EAD7C1AADD}"
EndProject
Project("{9A19103F-16F7-4668-BE54-9A1E7A4F7556}") = "ConversaoCasting", "ConversaoCasting\ConversaoCasting.csproj", "{30B03051-3115-4734-A022-5D1702FA0D89}"
EndProject
Project("{9A19103F-16F7-4668-BE54-9A1E7A4F7556}") = "OperadoresAritmeticos", "OperadoresAritmeticos\OperadoresAritmeticos.csproj", "{70286147-0AED-4EA5-84E7-E43502682044}"
EndProject
Project("{9A19103F-16F7-4668-BE54-9A1E7A4F7556}") = "EntradaDadosPT1", "EntradaDadosPT1\EntradaDadosPT1.csproj", "{CCFB8A37-AA58-468D-BD75-5E424C8E790B}"
EndProject
Project("{9A19103F-16F7-4668-BE54-9A1E7A4F7556}") = "EntradaDadosPT2", "EntradaDadosPT2\EntradaDadosPT2.csproj", "{9C049F62-51F3-44CF-B72F-7EE85436B4ED}"
EndProject
Project("{FAE04EC0-301F-11D3-BF4B-00C04F79EFBC}") = "ExercEntradaDadosPT2", "ExercEntradaDadosPT2\ExercEntradaDadosPT2.csproj", "{28AF0335-4D62-47F2-B2BB-594D5D8A0484}"
EndProject
Project("{FAE04EC0-301F-11D3-BF4B-00C04F79EFBC}") = "Debugging", "Debugging\Debugging.csproj", "{4FEC43E1-DDAA-4167-991D-D8910056A02A}"
EndProject
Project("{FAE04EC0-301F-11D3-BF4B-00C04F79EFBC}") = "EstruturaWhile", "EstruturaWhile\EstruturaWhile.csproj", "{4EF37723-1099-4FBA-9DAB-D7C00DE7295C}"
EndProject
Global
	GlobalSection(SolutionConfigurationPlatforms) = preSolution
		Debug|Any CPU = Debug|Any CPU
		Release|Any CPU = Release|Any CPU
	EndGlobalSection
	GlobalSection(ProjectConfigurationPlatforms) = postSolution
		{9A5839AE-E781-4D72-A9CE-5E7E04017126}.Debug|Any CPU.ActiveCfg = Debug|Any CPU
		{9A5839AE-E781-4D72-A9CE-5E7E04017126}.Debug|Any CPU.Build.0 = Debug|Any CPU
		{9A5839AE-E781-4D72-A9CE-5E7E04017126}.Release|Any CPU.ActiveCfg = Release|Any CPU
		{9A5839AE-E781-4D72-A9CE-5E7E04017126}.Release|Any CPU.Build.0 = Release|Any CPU
		{125D9B14-7C13-433B-84BB-4E7A293A20BF}.Debug|Any CPU.ActiveCfg = Debug|Any CPU
		{125D9B14-7C13-433B-84BB-4E7A293A20BF}.Debug|Any CPU.Build.0 = Debug|Any CPU
		{125D9B14-7C13-433B-84BB-4E7A293A20BF}.Release|Any CPU.ActiveCfg = Release|Any CPU
		{125D9B14-7C13-433B-84BB-4E7A293A20BF}.Release|Any CPU.Build.0 = Release|Any CPU
		{6157EEB3-4046-44D5-9B67-D33B7CC94A6A}.Debug|Any CPU.ActiveCfg = Debug|Any CPU
		{6157EEB3-4046-44D5-9B67-D33B7CC94A6A}.Debug|Any CPU.Build.0 = Debug|Any CPU
		{6157EEB3-4046-44D5-9B67-D33B7CC94A6A}.Release|Any CPU.ActiveCfg = Release|Any CPU
		{6157EEB3-4046-44D5-9B67-D33B7CC94A6A}.Release|Any CPU.Build.0 = Release|Any CPU
		{C25A6FD2-7FBB-4100-8998-89EAD7C1AADD}.Debug|Any CPU.ActiveCfg = Debug|Any CPU
		{C25A6FD2-7FBB-4100-8998-89EAD7C1AADD}.Debug|Any CPU.Build.0 = Debug|Any CPU
		{C25A6FD2-7FBB-4100-8998-89EAD7C1AADD}.Release|Any CPU.ActiveCfg = Release|Any CPU
		{C25A6FD2-7FBB-4100-8998-89EAD7C1AADD}.Release|Any CPU.Build.0 = Release|Any CPU
		{30B03051-3115-4734-A022-5D1702FA0D89}.Debug|Any CPU.ActiveCfg = Debug|Any CPU
		{30B03051-3115-4734-A022-5D1702FA0D89}.Debug|Any CPU.Build.0 = Debug|Any CPU
		{30B03051-3115-4734-A022-5D1702FA0D89}.Release|Any CPU.ActiveCfg = Release|Any CPU
		{30B03051-3115-4734-A022-5D1702FA0D89}.Release|Any CPU.Build.0 = Release|Any CPU
		{70286147-0AED-4EA5-84E7-E43502682044}.Debug|Any CPU.ActiveCfg = Debug|Any CPU
		{70286147-0AED-4EA5-84E7-E43502682044}.Debug|Any CPU.Build.0 = Debug|Any CPU
		{70286147-0AED-4EA5-84E7-E43502682044}.Release|Any CPU.ActiveCfg = Release|Any CPU
		{70286147-0AED-4EA5-84E7-E43502682044}.Release|Any CPU.Build.0 = Release|Any CPU
		{CCFB8A37-AA58-468D-BD75-5E424C8E790B}.Debug|Any CPU.ActiveCfg = Debug|Any CPU
		{CCFB8A37-AA58-468D-BD75-5E424C8E790B}.Debug|Any CPU.Build.0 = Debug|Any CPU
		{CCFB8A37-AA58-468D-BD75-5E424C8E790B}.Release|Any CPU.ActiveCfg = Release|Any CPU
		{CCFB8A37-AA58-468D-BD75-5E424C8E790B}.Release|Any CPU.Build.0 = Release|Any CPU
		{9C049F62-51F3-44CF-B72F-7EE85436B4ED}.Debug|Any CPU.ActiveCfg = Debug|Any CPU
		{9C049F62-51F3-44CF-B72F-7EE85436B4ED}.Debug|Any CPU.Build.0 = Debug|Any CPU
		{9C049F62-51F3-44CF-B72F-7EE85436B4ED}.Release|Any CPU.ActiveCfg = Release|Any CPU
		{9C049F62-51F3-44CF-B72F-7EE85436B4ED}.Release|Any CPU.Build.0 = Release|Any CPU
		{28AF0335-4D62-47F2-B2BB-594D5D8A0484}.Debug|Any CPU.ActiveCfg = Debug|Any CPU
		{28AF0335-4D62-47F2-B2BB-594D5D8A0484}.Debug|Any CPU.Build.0 = Debug|Any CPU
		{28AF0335-4D62-47F2-B2BB-594D5D8A0484}.Release|Any CPU.ActiveCfg = Release|Any CPU
		{28AF0335-4D62-47F2-B2BB-594D5D8A0484}.Release|Any CPU.Build.0 = Release|Any CPU
		{4FEC43E1-DDAA-4167-991D-D8910056A02A}.Debug|Any CPU.ActiveCfg = Debug|Any CPU
		{4FEC43E1-DDAA-4167-991D-D8910056A02A}.Debug|Any CPU.Build.0 = Debug|Any CPU
		{4FEC43E1-DDAA-4167-991D-D8910056A02A}.Release|Any CPU.ActiveCfg = Release|Any CPU
		{4FEC43E1-DDAA-4167-991D-D8910056A02A}.Release|Any CPU.Build.0 = Release|Any CPU
		{4EF37723-1099-4FBA-9DAB-D7C00DE7295C}.Debug|Any CPU.ActiveCfg = Debug|Any CPU
		{4EF37723-1099-4FBA-9DAB-D7C00DE7295C}.Debug|Any CPU.Build.0 = Debug|Any CPU
		{4EF37723-1099-4FBA-9DAB-D7C00DE7295C}.Release|Any CPU.ActiveCfg = Release|Any CPU
		{4EF37723-1099-4FBA-9DAB-D7C00DE7295C}.Release|Any CPU.Build.0 = Release|Any CPU
	EndGlobalSection
	GlobalSection(SolutionProperties) = preSolution
		HideSolutionNode = FALSE
	EndGlobalSection
	GlobalSection(ExtensibilityGlobals) = postSolution
		SolutionGuid = {D0C85CA4-A163-4BD4-9439-06C5C45DD90F}
	EndGlobalSection
EndGlobal
