
Microsoft Visual Studio Solution File, Format Version 12.00
# Visual Studio 15
VisualStudioVersion = 15.0.28307.1209
MinimumVisualStudioVersion = 10.0.40219.1
Project("{9A19103F-16F7-4668-BE54-9A1E7A4F7556}") = "secao03Ex01", "ExerciciosFinaisCursoCSHARPCompleto\secao03Ex01.csproj", "{5556DB00-E4D5-440D-BDD4-BCD478E36F60}"
EndProject
Project("{9A19103F-16F7-4668-BE54-9A1E7A4F7556}") = "secao03Ex02", "secao03Ex02\secao03Ex02.csproj", "{C62AA15E-A02F-4A52-8E3D-794836D798EE}"
EndProject
Project("{2150E333-8FDC-42A3-9474-1A3956D46DE8}") = "ExerciciosSecao03", "ExerciciosSecao03", "{E436E3A8-7EC4-4F4E-B928-7B54DAFF9BE8}"
EndProject
Project("{9A19103F-16F7-4668-BE54-9A1E7A4F7556}") = "secao03Ex03", "secao03Ex03\secao03Ex03.csproj", "{DB014699-7C15-4C0A-A84E-5768DFF5269F}"
EndProject
Project("{9A19103F-16F7-4668-BE54-9A1E7A4F7556}") = "secao03Ex04", "secao03Ex04\secao03Ex04.csproj", "{9683EDB6-1FFE-4896-BB3D-9AC075F6F7D7}"
EndProject
Project("{9A19103F-16F7-4668-BE54-9A1E7A4F7556}") = "secao03Ex05", "secao03Ex05\secao03Ex05.csproj", "{75ED42BB-252A-4B91-9983-D59F78E62580}"
EndProject
Project("{9A19103F-16F7-4668-BE54-9A1E7A4F7556}") = "secao03Ex06", "secao03Ex06\secao03Ex06.csproj", "{E652CB6E-DFFB-409B-AC2A-B24BF381BE7E}"
EndProject
Project("{9A19103F-16F7-4668-BE54-9A1E7A4F7556}") = "secao03Ex07", "secao03Ex07\secao03Ex07.csproj", "{D98DBCF7-60E7-4BAC-9222-A1E3B126AFD1}"
EndProject
Project("{9A19103F-16F7-4668-BE54-9A1E7A4F7556}") = "secao03Ex08", "secao03Ex08\secao03Ex08.csproj", "{D6B0EE95-DD96-41AB-AB68-ABDB4E0F4689}"
EndProject
Project("{9A19103F-16F7-4668-BE54-9A1E7A4F7556}") = "secao03Ex09", "secao03Ex09\secao03Ex09.csproj", "{7E0F702B-CF21-4CF3-B82C-F9D57CC19C38}"
EndProject
Project("{9A19103F-16F7-4668-BE54-9A1E7A4F7556}") = "secao03Ex10", "secao03Ex10\secao03Ex10.csproj", "{8CF2E8C7-0712-47D7-9685-8B70A4A886BF}"
EndProject
Project("{9A19103F-16F7-4668-BE54-9A1E7A4F7556}") = "secao03Ex11", "secao03Ex11\secao03Ex11.csproj", "{F0A68E48-8EA9-4868-86BC-41E979478D02}"
EndProject
Project("{9A19103F-16F7-4668-BE54-9A1E7A4F7556}") = "secao03Ex12", "secao03Ex12\secao03Ex12.csproj", "{4E3B3E02-9B6A-4101-AB18-3D8D6D1DD83B}"
EndProject
Project("{9A19103F-16F7-4668-BE54-9A1E7A4F7556}") = "secao03Ex13", "secao03Ex13\secao03Ex13.csproj", "{B0CF5B6F-A3E3-4993-B5C9-67FB75043423}"
EndProject
Project("{9A19103F-16F7-4668-BE54-9A1E7A4F7556}") = "secao03Ex14", "secao03Ex14\secao03Ex14.csproj", "{822D224E-299D-4E77-A4DA-57E356299D6F}"
EndProject
Project("{9A19103F-16F7-4668-BE54-9A1E7A4F7556}") = "secao03Ex15", "secao03Ex15\secao03Ex15.csproj", "{EB8D4FED-279A-4EE2-8C52-E2B19A3E6560}"
EndProject
Project("{9A19103F-16F7-4668-BE54-9A1E7A4F7556}") = "secao03Ex16", "secao03Ex16\secao03Ex16.csproj", "{EA138C9F-CE69-4529-BEF4-613EACEEBE6D}"
EndProject
Project("{9A19103F-16F7-4668-BE54-9A1E7A4F7556}") = "secao03Ex17", "secao03Ex17\secao03Ex17.csproj", "{14783812-F24B-4863-A993-4FF8ADC73C5C}"
EndProject
Project("{9A19103F-16F7-4668-BE54-9A1E7A4F7556}") = "secao03Ex18", "secao03Ex18\secao03Ex18.csproj", "{AE6A72D1-0ED9-4D36-860A-5BB195659EB5}"
EndProject
Project("{9A19103F-16F7-4668-BE54-9A1E7A4F7556}") = "secao03Ex19", "secao03Ex19\secao03Ex19.csproj", "{F0AFB425-E3BB-4860-83E2-2B83A5876FE7}"
EndProject
Project("{9A19103F-16F7-4668-BE54-9A1E7A4F7556}") = "secao03Ex20", "secao03Ex20\secao03Ex20.csproj", "{89AA274F-ACD1-4D8E-82C3-BB88EEFC3B5E}"
EndProject
Project("{2150E333-8FDC-42A3-9474-1A3956D46DE8}") = "ExercicioSecao04", "ExercicioSecao04", "{BDCFFA86-0AA6-4D1A-B522-F52BBE2C4323}"
EndProject
Project("{9A19103F-16F7-4668-BE54-9A1E7A4F7556}") = "secao04Ex01", "secao04Ex01\secao04Ex01.csproj", "{202C85CD-75B8-48FB-86BA-790FA973C097}"
EndProject
Project("{9A19103F-16F7-4668-BE54-9A1E7A4F7556}") = "secao04Ex02", "secao04Ex02\secao04Ex02.csproj", "{896C129D-B716-474A-8185-329BF64D6CFA}"
EndProject
Project("{9A19103F-16F7-4668-BE54-9A1E7A4F7556}") = "secao04Ex03", "secao04Ex03\secao04Ex03.csproj", "{01BD1B8C-9F6C-4FE9-9D17-7CCE17995041}"
EndProject
Project("{9A19103F-16F7-4668-BE54-9A1E7A4F7556}") = "secao04Ex04", "secao04Ex04\secao04Ex04.csproj", "{5A75A6B1-A538-4059-9763-7E2C85C81179}"
EndProject
Project("{9A19103F-16F7-4668-BE54-9A1E7A4F7556}") = "secao04Ex05", "secao04Ex05\secao04Ex05.csproj", "{C35AE1DA-F429-4ECD-903E-10693C124195}"
EndProject
Project("{9A19103F-16F7-4668-BE54-9A1E7A4F7556}") = "secao04Ex06", "secao04Ex06\secao04Ex06.csproj", "{9461C267-F1DF-448F-A3A6-6D923AA0BECA}"
EndProject
Project("{2150E333-8FDC-42A3-9474-1A3956D46DE8}") = "ExerciciosSecao06", "ExerciciosSecao06", "{3A1FB8B1-D1E7-4937-A50C-FBAC2E8299B1}"
EndProject
Project("{9A19103F-16F7-4668-BE54-9A1E7A4F7556}") = "secao06Ex01", "secao06Ex01\secao06Ex01.csproj", "{F6297DDF-D67E-4361-9772-DC0CD85A4B6F}"
EndProject
Project("{9A19103F-16F7-4668-BE54-9A1E7A4F7556}") = "secao06Ex02", "secao06Ex02\secao06Ex02.csproj", "{C68EAC4A-4AAA-45DA-B0BC-515668DA5799}"
EndProject
Project("{9A19103F-16F7-4668-BE54-9A1E7A4F7556}") = "secao06Ex03", "secao06Ex03\secao06Ex03.csproj", "{CF2DD08F-89A7-42D1-BFA6-34DDA039CF19}"
EndProject
Project("{9A19103F-16F7-4668-BE54-9A1E7A4F7556}") = "secao06Ex04", "secao06Ex04\secao06Ex04.csproj", "{82D8434D-965A-46CA-B395-C338AFD6215B}"
EndProject
Project("{2150E333-8FDC-42A3-9474-1A3956D46DE8}") = "ExerciciosSecao10", "ExerciciosSecao10", "{0307E177-1D64-4012-8740-BA9901344F37}"
EndProject
Project("{9A19103F-16F7-4668-BE54-9A1E7A4F7556}") = "secao10Ex01", "secao10Ex01\secao10Ex01.csproj", "{7DDF35B1-5779-464B-BB48-0C540972CEF6}"
EndProject
Global
	GlobalSection(SolutionConfigurationPlatforms) = preSolution
		Debug|Any CPU = Debug|Any CPU
		Release|Any CPU = Release|Any CPU
	EndGlobalSection
	GlobalSection(ProjectConfigurationPlatforms) = postSolution
		{5556DB00-E4D5-440D-BDD4-BCD478E36F60}.Debug|Any CPU.ActiveCfg = Debug|Any CPU
		{5556DB00-E4D5-440D-BDD4-BCD478E36F60}.Debug|Any CPU.Build.0 = Debug|Any CPU
		{5556DB00-E4D5-440D-BDD4-BCD478E36F60}.Release|Any CPU.ActiveCfg = Release|Any CPU
		{5556DB00-E4D5-440D-BDD4-BCD478E36F60}.Release|Any CPU.Build.0 = Release|Any CPU
		{C62AA15E-A02F-4A52-8E3D-794836D798EE}.Debug|Any CPU.ActiveCfg = Debug|Any CPU
		{C62AA15E-A02F-4A52-8E3D-794836D798EE}.Debug|Any CPU.Build.0 = Debug|Any CPU
		{C62AA15E-A02F-4A52-8E3D-794836D798EE}.Release|Any CPU.ActiveCfg = Release|Any CPU
		{C62AA15E-A02F-4A52-8E3D-794836D798EE}.Release|Any CPU.Build.0 = Release|Any CPU
		{DB014699-7C15-4C0A-A84E-5768DFF5269F}.Debug|Any CPU.ActiveCfg = Debug|Any CPU
		{DB014699-7C15-4C0A-A84E-5768DFF5269F}.Debug|Any CPU.Build.0 = Debug|Any CPU
		{DB014699-7C15-4C0A-A84E-5768DFF5269F}.Release|Any CPU.ActiveCfg = Release|Any CPU
		{DB014699-7C15-4C0A-A84E-5768DFF5269F}.Release|Any CPU.Build.0 = Release|Any CPU
		{9683EDB6-1FFE-4896-BB3D-9AC075F6F7D7}.Debug|Any CPU.ActiveCfg = Debug|Any CPU
		{9683EDB6-1FFE-4896-BB3D-9AC075F6F7D7}.Debug|Any CPU.Build.0 = Debug|Any CPU
		{9683EDB6-1FFE-4896-BB3D-9AC075F6F7D7}.Release|Any CPU.ActiveCfg = Release|Any CPU
		{9683EDB6-1FFE-4896-BB3D-9AC075F6F7D7}.Release|Any CPU.Build.0 = Release|Any CPU
		{75ED42BB-252A-4B91-9983-D59F78E62580}.Debug|Any CPU.ActiveCfg = Debug|Any CPU
		{75ED42BB-252A-4B91-9983-D59F78E62580}.Debug|Any CPU.Build.0 = Debug|Any CPU
		{75ED42BB-252A-4B91-9983-D59F78E62580}.Release|Any CPU.ActiveCfg = Release|Any CPU
		{75ED42BB-252A-4B91-9983-D59F78E62580}.Release|Any CPU.Build.0 = Release|Any CPU
		{E652CB6E-DFFB-409B-AC2A-B24BF381BE7E}.Debug|Any CPU.ActiveCfg = Debug|Any CPU
		{E652CB6E-DFFB-409B-AC2A-B24BF381BE7E}.Debug|Any CPU.Build.0 = Debug|Any CPU
		{E652CB6E-DFFB-409B-AC2A-B24BF381BE7E}.Release|Any CPU.ActiveCfg = Release|Any CPU
		{E652CB6E-DFFB-409B-AC2A-B24BF381BE7E}.Release|Any CPU.Build.0 = Release|Any CPU
		{D98DBCF7-60E7-4BAC-9222-A1E3B126AFD1}.Debug|Any CPU.ActiveCfg = Debug|Any CPU
		{D98DBCF7-60E7-4BAC-9222-A1E3B126AFD1}.Debug|Any CPU.Build.0 = Debug|Any CPU
		{D98DBCF7-60E7-4BAC-9222-A1E3B126AFD1}.Release|Any CPU.ActiveCfg = Release|Any CPU
		{D98DBCF7-60E7-4BAC-9222-A1E3B126AFD1}.Release|Any CPU.Build.0 = Release|Any CPU
		{D6B0EE95-DD96-41AB-AB68-ABDB4E0F4689}.Debug|Any CPU.ActiveCfg = Debug|Any CPU
		{D6B0EE95-DD96-41AB-AB68-ABDB4E0F4689}.Debug|Any CPU.Build.0 = Debug|Any CPU
		{D6B0EE95-DD96-41AB-AB68-ABDB4E0F4689}.Release|Any CPU.ActiveCfg = Release|Any CPU
		{D6B0EE95-DD96-41AB-AB68-ABDB4E0F4689}.Release|Any CPU.Build.0 = Release|Any CPU
		{7E0F702B-CF21-4CF3-B82C-F9D57CC19C38}.Debug|Any CPU.ActiveCfg = Debug|Any CPU
		{7E0F702B-CF21-4CF3-B82C-F9D57CC19C38}.Debug|Any CPU.Build.0 = Debug|Any CPU
		{7E0F702B-CF21-4CF3-B82C-F9D57CC19C38}.Release|Any CPU.ActiveCfg = Release|Any CPU
		{7E0F702B-CF21-4CF3-B82C-F9D57CC19C38}.Release|Any CPU.Build.0 = Release|Any CPU
		{8CF2E8C7-0712-47D7-9685-8B70A4A886BF}.Debug|Any CPU.ActiveCfg = Debug|Any CPU
		{8CF2E8C7-0712-47D7-9685-8B70A4A886BF}.Debug|Any CPU.Build.0 = Debug|Any CPU
		{8CF2E8C7-0712-47D7-9685-8B70A4A886BF}.Release|Any CPU.ActiveCfg = Release|Any CPU
		{8CF2E8C7-0712-47D7-9685-8B70A4A886BF}.Release|Any CPU.Build.0 = Release|Any CPU
		{F0A68E48-8EA9-4868-86BC-41E979478D02}.Debug|Any CPU.ActiveCfg = Debug|Any CPU
		{F0A68E48-8EA9-4868-86BC-41E979478D02}.Debug|Any CPU.Build.0 = Debug|Any CPU
		{F0A68E48-8EA9-4868-86BC-41E979478D02}.Release|Any CPU.ActiveCfg = Release|Any CPU
		{F0A68E48-8EA9-4868-86BC-41E979478D02}.Release|Any CPU.Build.0 = Release|Any CPU
		{4E3B3E02-9B6A-4101-AB18-3D8D6D1DD83B}.Debug|Any CPU.ActiveCfg = Debug|Any CPU
		{4E3B3E02-9B6A-4101-AB18-3D8D6D1DD83B}.Debug|Any CPU.Build.0 = Debug|Any CPU
		{4E3B3E02-9B6A-4101-AB18-3D8D6D1DD83B}.Release|Any CPU.ActiveCfg = Release|Any CPU
		{4E3B3E02-9B6A-4101-AB18-3D8D6D1DD83B}.Release|Any CPU.Build.0 = Release|Any CPU
		{B0CF5B6F-A3E3-4993-B5C9-67FB75043423}.Debug|Any CPU.ActiveCfg = Debug|Any CPU
		{B0CF5B6F-A3E3-4993-B5C9-67FB75043423}.Debug|Any CPU.Build.0 = Debug|Any CPU
		{B0CF5B6F-A3E3-4993-B5C9-67FB75043423}.Release|Any CPU.ActiveCfg = Release|Any CPU
		{B0CF5B6F-A3E3-4993-B5C9-67FB75043423}.Release|Any CPU.Build.0 = Release|Any CPU
		{822D224E-299D-4E77-A4DA-57E356299D6F}.Debug|Any CPU.ActiveCfg = Debug|Any CPU
		{822D224E-299D-4E77-A4DA-57E356299D6F}.Debug|Any CPU.Build.0 = Debug|Any CPU
		{822D224E-299D-4E77-A4DA-57E356299D6F}.Release|Any CPU.ActiveCfg = Release|Any CPU
		{822D224E-299D-4E77-A4DA-57E356299D6F}.Release|Any CPU.Build.0 = Release|Any CPU
		{EB8D4FED-279A-4EE2-8C52-E2B19A3E6560}.Debug|Any CPU.ActiveCfg = Debug|Any CPU
		{EB8D4FED-279A-4EE2-8C52-E2B19A3E6560}.Debug|Any CPU.Build.0 = Debug|Any CPU
		{EB8D4FED-279A-4EE2-8C52-E2B19A3E6560}.Release|Any CPU.ActiveCfg = Release|Any CPU
		{EB8D4FED-279A-4EE2-8C52-E2B19A3E6560}.Release|Any CPU.Build.0 = Release|Any CPU
		{EA138C9F-CE69-4529-BEF4-613EACEEBE6D}.Debug|Any CPU.ActiveCfg = Debug|Any CPU
		{EA138C9F-CE69-4529-BEF4-613EACEEBE6D}.Debug|Any CPU.Build.0 = Debug|Any CPU
		{EA138C9F-CE69-4529-BEF4-613EACEEBE6D}.Release|Any CPU.ActiveCfg = Release|Any CPU
		{EA138C9F-CE69-4529-BEF4-613EACEEBE6D}.Release|Any CPU.Build.0 = Release|Any CPU
		{14783812-F24B-4863-A993-4FF8ADC73C5C}.Debug|Any CPU.ActiveCfg = Debug|Any CPU
		{14783812-F24B-4863-A993-4FF8ADC73C5C}.Debug|Any CPU.Build.0 = Debug|Any CPU
		{14783812-F24B-4863-A993-4FF8ADC73C5C}.Release|Any CPU.ActiveCfg = Release|Any CPU
		{14783812-F24B-4863-A993-4FF8ADC73C5C}.Release|Any CPU.Build.0 = Release|Any CPU
		{AE6A72D1-0ED9-4D36-860A-5BB195659EB5}.Debug|Any CPU.ActiveCfg = Debug|Any CPU
		{AE6A72D1-0ED9-4D36-860A-5BB195659EB5}.Debug|Any CPU.Build.0 = Debug|Any CPU
		{AE6A72D1-0ED9-4D36-860A-5BB195659EB5}.Release|Any CPU.ActiveCfg = Release|Any CPU
		{AE6A72D1-0ED9-4D36-860A-5BB195659EB5}.Release|Any CPU.Build.0 = Release|Any CPU
		{F0AFB425-E3BB-4860-83E2-2B83A5876FE7}.Debug|Any CPU.ActiveCfg = Debug|Any CPU
		{F0AFB425-E3BB-4860-83E2-2B83A5876FE7}.Debug|Any CPU.Build.0 = Debug|Any CPU
		{F0AFB425-E3BB-4860-83E2-2B83A5876FE7}.Release|Any CPU.ActiveCfg = Release|Any CPU
		{F0AFB425-E3BB-4860-83E2-2B83A5876FE7}.Release|Any CPU.Build.0 = Release|Any CPU
		{89AA274F-ACD1-4D8E-82C3-BB88EEFC3B5E}.Debug|Any CPU.ActiveCfg = Debug|Any CPU
		{89AA274F-ACD1-4D8E-82C3-BB88EEFC3B5E}.Debug|Any CPU.Build.0 = Debug|Any CPU
		{89AA274F-ACD1-4D8E-82C3-BB88EEFC3B5E}.Release|Any CPU.ActiveCfg = Release|Any CPU
		{89AA274F-ACD1-4D8E-82C3-BB88EEFC3B5E}.Release|Any CPU.Build.0 = Release|Any CPU
		{202C85CD-75B8-48FB-86BA-790FA973C097}.Debug|Any CPU.ActiveCfg = Debug|Any CPU
		{202C85CD-75B8-48FB-86BA-790FA973C097}.Debug|Any CPU.Build.0 = Debug|Any CPU
		{202C85CD-75B8-48FB-86BA-790FA973C097}.Release|Any CPU.ActiveCfg = Release|Any CPU
		{202C85CD-75B8-48FB-86BA-790FA973C097}.Release|Any CPU.Build.0 = Release|Any CPU
		{896C129D-B716-474A-8185-329BF64D6CFA}.Debug|Any CPU.ActiveCfg = Debug|Any CPU
		{896C129D-B716-474A-8185-329BF64D6CFA}.Debug|Any CPU.Build.0 = Debug|Any CPU
		{896C129D-B716-474A-8185-329BF64D6CFA}.Release|Any CPU.ActiveCfg = Release|Any CPU
		{896C129D-B716-474A-8185-329BF64D6CFA}.Release|Any CPU.Build.0 = Release|Any CPU
		{01BD1B8C-9F6C-4FE9-9D17-7CCE17995041}.Debug|Any CPU.ActiveCfg = Debug|Any CPU
		{01BD1B8C-9F6C-4FE9-9D17-7CCE17995041}.Debug|Any CPU.Build.0 = Debug|Any CPU
		{01BD1B8C-9F6C-4FE9-9D17-7CCE17995041}.Release|Any CPU.ActiveCfg = Release|Any CPU
		{01BD1B8C-9F6C-4FE9-9D17-7CCE17995041}.Release|Any CPU.Build.0 = Release|Any CPU
		{5A75A6B1-A538-4059-9763-7E2C85C81179}.Debug|Any CPU.ActiveCfg = Debug|Any CPU
		{5A75A6B1-A538-4059-9763-7E2C85C81179}.Debug|Any CPU.Build.0 = Debug|Any CPU
		{5A75A6B1-A538-4059-9763-7E2C85C81179}.Release|Any CPU.ActiveCfg = Release|Any CPU
		{5A75A6B1-A538-4059-9763-7E2C85C81179}.Release|Any CPU.Build.0 = Release|Any CPU
		{C35AE1DA-F429-4ECD-903E-10693C124195}.Debug|Any CPU.ActiveCfg = Debug|Any CPU
		{C35AE1DA-F429-4ECD-903E-10693C124195}.Debug|Any CPU.Build.0 = Debug|Any CPU
		{C35AE1DA-F429-4ECD-903E-10693C124195}.Release|Any CPU.ActiveCfg = Release|Any CPU
		{C35AE1DA-F429-4ECD-903E-10693C124195}.Release|Any CPU.Build.0 = Release|Any CPU
		{9461C267-F1DF-448F-A3A6-6D923AA0BECA}.Debug|Any CPU.ActiveCfg = Debug|Any CPU
		{9461C267-F1DF-448F-A3A6-6D923AA0BECA}.Debug|Any CPU.Build.0 = Debug|Any CPU
		{9461C267-F1DF-448F-A3A6-6D923AA0BECA}.Release|Any CPU.ActiveCfg = Release|Any CPU
		{9461C267-F1DF-448F-A3A6-6D923AA0BECA}.Release|Any CPU.Build.0 = Release|Any CPU
		{F6297DDF-D67E-4361-9772-DC0CD85A4B6F}.Debug|Any CPU.ActiveCfg = Debug|Any CPU
		{F6297DDF-D67E-4361-9772-DC0CD85A4B6F}.Debug|Any CPU.Build.0 = Debug|Any CPU
		{F6297DDF-D67E-4361-9772-DC0CD85A4B6F}.Release|Any CPU.ActiveCfg = Release|Any CPU
		{F6297DDF-D67E-4361-9772-DC0CD85A4B6F}.Release|Any CPU.Build.0 = Release|Any CPU
		{C68EAC4A-4AAA-45DA-B0BC-515668DA5799}.Debug|Any CPU.ActiveCfg = Debug|Any CPU
		{C68EAC4A-4AAA-45DA-B0BC-515668DA5799}.Debug|Any CPU.Build.0 = Debug|Any CPU
		{C68EAC4A-4AAA-45DA-B0BC-515668DA5799}.Release|Any CPU.ActiveCfg = Release|Any CPU
		{C68EAC4A-4AAA-45DA-B0BC-515668DA5799}.Release|Any CPU.Build.0 = Release|Any CPU
		{CF2DD08F-89A7-42D1-BFA6-34DDA039CF19}.Debug|Any CPU.ActiveCfg = Debug|Any CPU
		{CF2DD08F-89A7-42D1-BFA6-34DDA039CF19}.Debug|Any CPU.Build.0 = Debug|Any CPU
		{CF2DD08F-89A7-42D1-BFA6-34DDA039CF19}.Release|Any CPU.ActiveCfg = Release|Any CPU
		{CF2DD08F-89A7-42D1-BFA6-34DDA039CF19}.Release|Any CPU.Build.0 = Release|Any CPU
		{82D8434D-965A-46CA-B395-C338AFD6215B}.Debug|Any CPU.ActiveCfg = Debug|Any CPU
		{82D8434D-965A-46CA-B395-C338AFD6215B}.Debug|Any CPU.Build.0 = Debug|Any CPU
		{82D8434D-965A-46CA-B395-C338AFD6215B}.Release|Any CPU.ActiveCfg = Release|Any CPU
		{82D8434D-965A-46CA-B395-C338AFD6215B}.Release|Any CPU.Build.0 = Release|Any CPU
		{7DDF35B1-5779-464B-BB48-0C540972CEF6}.Debug|Any CPU.ActiveCfg = Debug|Any CPU
		{7DDF35B1-5779-464B-BB48-0C540972CEF6}.Debug|Any CPU.Build.0 = Debug|Any CPU
		{7DDF35B1-5779-464B-BB48-0C540972CEF6}.Release|Any CPU.ActiveCfg = Release|Any CPU
		{7DDF35B1-5779-464B-BB48-0C540972CEF6}.Release|Any CPU.Build.0 = Release|Any CPU
	EndGlobalSection
	GlobalSection(SolutionProperties) = preSolution
		HideSolutionNode = FALSE
	EndGlobalSection
	GlobalSection(NestedProjects) = preSolution
		{5556DB00-E4D5-440D-BDD4-BCD478E36F60} = {E436E3A8-7EC4-4F4E-B928-7B54DAFF9BE8}
		{C62AA15E-A02F-4A52-8E3D-794836D798EE} = {E436E3A8-7EC4-4F4E-B928-7B54DAFF9BE8}
		{DB014699-7C15-4C0A-A84E-5768DFF5269F} = {E436E3A8-7EC4-4F4E-B928-7B54DAFF9BE8}
		{9683EDB6-1FFE-4896-BB3D-9AC075F6F7D7} = {E436E3A8-7EC4-4F4E-B928-7B54DAFF9BE8}
		{75ED42BB-252A-4B91-9983-D59F78E62580} = {E436E3A8-7EC4-4F4E-B928-7B54DAFF9BE8}
		{E652CB6E-DFFB-409B-AC2A-B24BF381BE7E} = {E436E3A8-7EC4-4F4E-B928-7B54DAFF9BE8}
		{D98DBCF7-60E7-4BAC-9222-A1E3B126AFD1} = {E436E3A8-7EC4-4F4E-B928-7B54DAFF9BE8}
		{D6B0EE95-DD96-41AB-AB68-ABDB4E0F4689} = {E436E3A8-7EC4-4F4E-B928-7B54DAFF9BE8}
		{7E0F702B-CF21-4CF3-B82C-F9D57CC19C38} = {E436E3A8-7EC4-4F4E-B928-7B54DAFF9BE8}
		{8CF2E8C7-0712-47D7-9685-8B70A4A886BF} = {E436E3A8-7EC4-4F4E-B928-7B54DAFF9BE8}
		{F0A68E48-8EA9-4868-86BC-41E979478D02} = {E436E3A8-7EC4-4F4E-B928-7B54DAFF9BE8}
		{4E3B3E02-9B6A-4101-AB18-3D8D6D1DD83B} = {E436E3A8-7EC4-4F4E-B928-7B54DAFF9BE8}
		{B0CF5B6F-A3E3-4993-B5C9-67FB75043423} = {E436E3A8-7EC4-4F4E-B928-7B54DAFF9BE8}
		{822D224E-299D-4E77-A4DA-57E356299D6F} = {E436E3A8-7EC4-4F4E-B928-7B54DAFF9BE8}
		{EB8D4FED-279A-4EE2-8C52-E2B19A3E6560} = {E436E3A8-7EC4-4F4E-B928-7B54DAFF9BE8}
		{EA138C9F-CE69-4529-BEF4-613EACEEBE6D} = {E436E3A8-7EC4-4F4E-B928-7B54DAFF9BE8}
		{14783812-F24B-4863-A993-4FF8ADC73C5C} = {E436E3A8-7EC4-4F4E-B928-7B54DAFF9BE8}
		{AE6A72D1-0ED9-4D36-860A-5BB195659EB5} = {E436E3A8-7EC4-4F4E-B928-7B54DAFF9BE8}
		{F0AFB425-E3BB-4860-83E2-2B83A5876FE7} = {E436E3A8-7EC4-4F4E-B928-7B54DAFF9BE8}
		{89AA274F-ACD1-4D8E-82C3-BB88EEFC3B5E} = {E436E3A8-7EC4-4F4E-B928-7B54DAFF9BE8}
		{202C85CD-75B8-48FB-86BA-790FA973C097} = {BDCFFA86-0AA6-4D1A-B522-F52BBE2C4323}
		{896C129D-B716-474A-8185-329BF64D6CFA} = {BDCFFA86-0AA6-4D1A-B522-F52BBE2C4323}
		{01BD1B8C-9F6C-4FE9-9D17-7CCE17995041} = {BDCFFA86-0AA6-4D1A-B522-F52BBE2C4323}
		{5A75A6B1-A538-4059-9763-7E2C85C81179} = {BDCFFA86-0AA6-4D1A-B522-F52BBE2C4323}
		{C35AE1DA-F429-4ECD-903E-10693C124195} = {BDCFFA86-0AA6-4D1A-B522-F52BBE2C4323}
		{9461C267-F1DF-448F-A3A6-6D923AA0BECA} = {BDCFFA86-0AA6-4D1A-B522-F52BBE2C4323}
		{F6297DDF-D67E-4361-9772-DC0CD85A4B6F} = {3A1FB8B1-D1E7-4937-A50C-FBAC2E8299B1}
		{C68EAC4A-4AAA-45DA-B0BC-515668DA5799} = {3A1FB8B1-D1E7-4937-A50C-FBAC2E8299B1}
		{CF2DD08F-89A7-42D1-BFA6-34DDA039CF19} = {3A1FB8B1-D1E7-4937-A50C-FBAC2E8299B1}
		{82D8434D-965A-46CA-B395-C338AFD6215B} = {3A1FB8B1-D1E7-4937-A50C-FBAC2E8299B1}
		{7DDF35B1-5779-464B-BB48-0C540972CEF6} = {0307E177-1D64-4012-8740-BA9901344F37}
	EndGlobalSection
	GlobalSection(ExtensibilityGlobals) = postSolution
		SolutionGuid = {9E26F2F9-4C18-46EF-95EB-2056B65A1EA0}
	EndGlobalSection
EndGlobal
