
Microsoft Visual Studio Solution File, Format Version 12.00
# Visual Studio 15
VisualStudioVersion = 15.0.28307.1169
MinimumVisualStudioVersion = 10.0.40219.1
Project("{FAE04EC0-301F-11D3-BF4B-00C04F79EFBC}") = "Secao9EnumeracaoComposicao", "Secao9EnumeracaoComposicao\Secao9EnumeracaoComposicao.csproj", "{8B809454-FD7F-4386-92C8-9C11F5E75D2B}"
EndProject
Global
	GlobalSection(SolutionConfigurationPlatforms) = preSolution
		Debug|Any CPU = Debug|Any CPU
		Release|Any CPU = Release|Any CPU
	EndGlobalSection
	GlobalSection(ProjectConfigurationPlatforms) = postSolution
		{8B809454-FD7F-4386-92C8-9C11F5E75D2B}.Debug|Any CPU.ActiveCfg = Debug|Any CPU
		{8B809454-FD7F-4386-92C8-9C11F5E75D2B}.Debug|Any CPU.Build.0 = Debug|Any CPU
		{8B809454-FD7F-4386-92C8-9C11F5E75D2B}.Release|Any CPU.ActiveCfg = Release|Any CPU
		{8B809454-FD7F-4386-92C8-9C11F5E75D2B}.Release|Any CPU.Build.0 = Release|Any CPU
	EndGlobalSection
	GlobalSection(SolutionProperties) = preSolution
		HideSolutionNode = FALSE
	EndGlobalSection
	GlobalSection(ExtensibilityGlobals) = postSolution
		SolutionGuid = {313E582A-5F39-4652-8688-E04BB8A58ADB}
	EndGlobalSection
EndGlobal
